
Microsoft Visual Studio Solution File, Format Version 12.00
# Visual Studio Version 16
VisualStudioVersion = 16.0.31129.286
MinimumVisualStudioVersion = 10.0.40219.1
Project("{FAE04EC0-301F-11D3-BF4B-00C04F79EFBC}") = "WebApplication123", "WebApplication123\WebApplication123.csproj", "{BCE8496B-B191-4551-A4A3-D7C5851E202C}"
EndProject
Global
	GlobalSection(SolutionConfigurationPlatforms) = preSolution
		Debug|Any CPU = Debug|Any CPU
		Release|Any CPU = Release|Any CPU
	EndGlobalSection
	GlobalSection(ProjectConfigurationPlatforms) = postSolution
		{BCE8496B-B191-4551-A4A3-D7C5851E202C}.Debug|Any CPU.ActiveCfg = Debug|Any CPU
		{BCE8496B-B191-4551-A4A3-D7C5851E202C}.Debug|Any CPU.Build.0 = Debug|Any CPU
		{BCE8496B-B191-4551-A4A3-D7C5851E202C}.Release|Any CPU.ActiveCfg = Release|Any CPU
		{BCE8496B-B191-4551-A4A3-D7C5851E202C}.Release|Any CPU.Build.0 = Release|Any CPU
	EndGlobalSection
	GlobalSection(SolutionProperties) = preSolution
		HideSolutionNode = FALSE
	EndGlobalSection
	GlobalSection(ExtensibilityGlobals) = postSolution
		SolutionGuid = {C8F7A66E-B9AB-4885-BB92-F33B060F2AFB}
	EndGlobalSection
EndGlobal
